{
  "name": "term3-fullstackjavascript-sprint1",
  "version": "1.0.0",
  "lockfileVersion": 3,
  "requires": true,
  "packages": {
    "": {
      "name": "term3-fullstackjavascript-sprint1",
      "version": "1.0.0",
      "license": "ISC",
      "dependencies": {
        "crc": "^4.3.2",
        "date-fns": "^3.3.1"
      }
    },
    "node_modules/crc": {
      "version": "4.3.2",
      "resolved": "https://registry.npmjs.org/crc/-/crc-4.3.2.tgz",
      "integrity": "sha512-uGDHf4KLLh2zsHa8D8hIQ1H/HtFQhyHrc0uhHBcoKGol/Xnb+MPYfUMw7cvON6ze/GUESTudKayDcJC5HnJv1A==",
      "engines": {
        "node": ">=12"
      },
      "peerDependencies": {
        "buffer": ">=6.0.3"
      },
      "peerDependenciesMeta": {
        "buffer": {
          "optional": true
        }
      }
    },
    "node_modules/date-fns": {
      "version": "3.3.1",
      "resolved": "https://registry.npmjs.org/date-fns/-/date-fns-3.3.1.tgz",
      "integrity": "sha512-y8e109LYGgoQDveiEBD3DYXKba1jWf5BA8YU1FL5Tvm0BTdEfy54WLCwnuYWZNnzzvALy/QQ4Hov+Q9RVRv+Zw==",
      "funding": {
        "type": "github",
        "url": "https://github.com/sponsors/kossnocorp"
      }
    }
  }
}
